
Microsoft Visual Studio Solution File, Format Version 12.00
# Visual Studio Version 17
VisualStudioVersion = 17.0.31903.59
MinimumVisualStudioVersion = 10.0.40219.1
Project("{2150E333-8FDC-42A3-9474-1A3956D46DE8}") = "shared", "shared", "{4F52FD11-658E-A102-6CD3-7D7C16FFA15B}"
EndProject
Project("{FAE04EC0-301F-11D3-BF4B-00C04F79EFBC}") = "Common", "shared\Common\Common.csproj", "{543A07D5-9979-4742-A68D-2CB093DFD00A}"
EndProject
Project("{2150E333-8FDC-42A3-9474-1A3956D46DE8}") = "core", "core", "{FBF56CC3-7AE6-AD2D-3F14-7F97FD322CD6}"
EndProject
Project("{FAE04EC0-301F-11D3-BF4B-00C04F79EFBC}") = "01.HelloAgent", "core\01.HelloAgent\01.HelloAgent.csproj", "{F99185A2-A063-4147-902D-58D0F49940EB}"
EndProject
Project("{FAE04EC0-301F-11D3-BF4B-00C04F79EFBC}") = "02.DevAssistant.Tools", "core\02.DevAssistant.Tools\02.DevAssistant.Tools.csproj", "{FB3FD6D1-43F7-4DC7-95BB-7862BA11FCC6}"
EndProject
Project("{FAE04EC0-301F-11D3-BF4B-00C04F79EFBC}") = "03.DevAssistant.Memory", "core\03.DevAssistant.Memory\03.DevAssistant.Memory.csproj", "{F0338E30-20FD-4E3F-A0CA-5E92FFE635C0}"
EndProject
Project("{FAE04EC0-301F-11D3-BF4B-00C04F79EFBC}") = "04.DevAssistant.LongTermMemory", "core\04.DevAssistant.LongTermMemory\04.DevAssistant.LongTermMemory.csproj", "{5A146EB5-6E1E-408B-B365-87A34659458F}"
EndProject
Project("{FAE04EC0-301F-11D3-BF4B-00C04F79EFBC}") = "05.CodeReviewer.RAG", "core\05.CodeReviewer.RAG\05.CodeReviewer.RAG.csproj", "{599E7E57-FD5F-490B-8A71-46C83455B4FE}"
EndProject
Project("{FAE04EC0-301F-11D3-BF4B-00C04F79EFBC}") = "06.TaskPlanner", "core\06.TaskPlanner\06.TaskPlanner.csproj", "{3945C2D7-E3A7-4E1E-A4A6-0E6B1F6B380E}"
EndProject
Project("{FAE04EC0-301F-11D3-BF4B-00C04F79EFBC}") = "07.DevTeam.MultiAgent", "core\07.DevTeam.MultiAgent\07.DevTeam.MultiAgent.csproj", "{32108581-AB47-49BE-A1F9-6A25A58CB954}"
EndProject
Project("{FAE04EC0-301F-11D3-BF4B-00C04F79EFBC}") = "08.Workflows.Native", "core\08.Workflows.Native\08.Workflows.Native.csproj", "{7D180A0A-2352-4036-B863-1ABAC84F5814}"
EndProject
Project("{FAE04EC0-301F-11D3-BF4B-00C04F79EFBC}") = "09.MCP.Integration", "core\09.MCP.Integration\09.MCP.Integration.csproj", "{3FFC9E1C-6A15-4D8E-83EE-F3311A3B23BB}"
EndProject
Project("{2150E333-8FDC-42A3-9474-1A3956D46DE8}") = "10.MCP.CustomServer", "10.MCP.CustomServer", "{00B75C56-8046-D228-AD12-8C5CE0A2F749}"
EndProject
Project("{FAE04EC0-301F-11D3-BF4B-00C04F79EFBC}") = "Server", "core\10.MCP.CustomServer\Server\Server.csproj", "{BE3EDB4A-A107-496C-95A5-9074ED6EF152}"
EndProject
Project("{FAE04EC0-301F-11D3-BF4B-00C04F79EFBC}") = "Client", "core\10.MCP.CustomServer\Client\Client.csproj", "{94F3418A-664A-494D-84E0-F7E37D7585E8}"
EndProject
Project("{FAE04EC0-301F-11D3-BF4B-00C04F79EFBC}") = "11.RAG.VectorStores", "core\11.RAG.VectorStores\11.RAG.VectorStores.csproj", "{90BD0079-67A9-4CDD-98F6-D34892EF587E}"
EndProject
Project("{FAE04EC0-301F-11D3-BF4B-00C04F79EFBC}") = "01b.HelloAgent.Providers", "core\01b.HelloAgent.Providers\01b.HelloAgent.Providers.csproj", "{235B727E-DFD4-4649-BD2D-7678E9BA0D86}"
EndProject
Project("{FAE04EC0-301F-11D3-BF4B-00C04F79EFBC}") = "01c.HelloAgent.ResponseAPI", "core\01c.HelloAgent.ResponseAPI\01c.HelloAgent.ResponseAPI.csproj", "{77D5075C-0385-4772-B7C5-FD7E22387430}"
EndProject
Project("{FAE04EC0-301F-11D3-BF4B-00C04F79EFBC}") = "01d.HelloAgent.StructuredOutput", "core\01d.HelloAgent.StructuredOutput\01d.HelloAgent.StructuredOutput.csproj", "{E9BAD51F-478F-4FC1-9506-AB2502A7C05F}"
EndProject
Project("{FAE04EC0-301F-11D3-BF4B-00C04F79EFBC}") = "12.WebApi.ChatAgents", "core\12.WebApi.ChatAgents\12.WebApi.ChatAgents.csproj", "{EDDCAA95-B3B2-4996-8FDD-24E3E674BD34}"
EndProject
Project("{FAE04EC0-301F-11D3-BF4B-00C04F79EFBC}") = "12.WebApi.ChatAgents.Client", "core\12.WebApi.ChatAgents.Client\12.WebApi.ChatAgents.Client.csproj", "{B0995724-510A-4DDD-90D0-0AD8A47DA0DE}"
EndProject
Project("{2150E333-8FDC-42A3-9474-1A3956D46DE8}") = "ExpenseTracker", "ExpenseTracker", "{82B7E585-AC50-9B59-DB2B-A590D29BB17E}"
EndProject
Project("{FAE04EC0-301F-11D3-BF4B-00C04F79EFBC}") = "ExpenseTracker.Core", "ExpenseTracker\src\ExpenseTracker.Core\ExpenseTracker.Core.csproj", "{C0B65E2F-BF35-47C6-88EC-DEB1382B957C}"
EndProject
Project("{FAE04EC0-301F-11D3-BF4B-00C04F79EFBC}") = "ExpenseTracker.Infrastructure", "ExpenseTracker\src\ExpenseTracker.Infrastructure\ExpenseTracker.Infrastructure.csproj", "{8773CE1D-761C-46D6-AEA8-3F4FEB493E27}"
EndProject
Project("{FAE04EC0-301F-11D3-BF4B-00C04F79EFBC}") = "ExpenseTracker.Console", "ExpenseTracker\src\ExpenseTracker.Console\ExpenseTracker.Console.csproj", "{9FE4C953-7766-4731-94E8-86801D04025A}"
EndProject
Project("{FAE04EC0-301F-11D3-BF4B-00C04F79EFBC}") = "ExpenseTracker.Telegram", "ExpenseTracker\src\ExpenseTracker.Telegram\ExpenseTracker.Telegram.csproj", "{A8FEB309-5D13-404E-B8BC-F80E5E1E38E4}"
EndProject
Project("{FAE04EC0-301F-11D3-BF4B-00C04F79EFBC}") = "ExpenseTracker.Api", "ExpenseTracker\src\ExpenseTracker.Api\ExpenseTracker.Api.csproj", "{82A6ACB3-ABFF-446C-960D-6AE0B6F6BEB0}"
EndProject
Global
	GlobalSection(SolutionConfigurationPlatforms) = preSolution
		Debug|Any CPU = Debug|Any CPU
		Debug|x64 = Debug|x64
		Debug|x86 = Debug|x86
		Release|Any CPU = Release|Any CPU
		Release|x64 = Release|x64
		Release|x86 = Release|x86
	EndGlobalSection
	GlobalSection(ProjectConfigurationPlatforms) = postSolution
		{543A07D5-9979-4742-A68D-2CB093DFD00A}.Debug|Any CPU.ActiveCfg = Debug|Any CPU
		{543A07D5-9979-4742-A68D-2CB093DFD00A}.Debug|Any CPU.Build.0 = Debug|Any CPU
		{543A07D5-9979-4742-A68D-2CB093DFD00A}.Debug|x64.ActiveCfg = Debug|Any CPU
		{543A07D5-9979-4742-A68D-2CB093DFD00A}.Debug|x64.Build.0 = Debug|Any CPU
		{543A07D5-9979-4742-A68D-2CB093DFD00A}.Debug|x86.ActiveCfg = Debug|Any CPU
		{543A07D5-9979-4742-A68D-2CB093DFD00A}.Debug|x86.Build.0 = Debug|Any CPU
		{543A07D5-9979-4742-A68D-2CB093DFD00A}.Release|Any CPU.ActiveCfg = Release|Any CPU
		{543A07D5-9979-4742-A68D-2CB093DFD00A}.Release|Any CPU.Build.0 = Release|Any CPU
		{543A07D5-9979-4742-A68D-2CB093DFD00A}.Release|x64.ActiveCfg = Release|Any CPU
		{543A07D5-9979-4742-A68D-2CB093DFD00A}.Release|x64.Build.0 = Release|Any CPU
		{543A07D5-9979-4742-A68D-2CB093DFD00A}.Release|x86.ActiveCfg = Release|Any CPU
		{543A07D5-9979-4742-A68D-2CB093DFD00A}.Release|x86.Build.0 = Release|Any CPU
		{F99185A2-A063-4147-902D-58D0F49940EB}.Debug|Any CPU.ActiveCfg = Debug|Any CPU
		{F99185A2-A063-4147-902D-58D0F49940EB}.Debug|Any CPU.Build.0 = Debug|Any CPU
		{F99185A2-A063-4147-902D-58D0F49940EB}.Debug|x64.ActiveCfg = Debug|Any CPU
		{F99185A2-A063-4147-902D-58D0F49940EB}.Debug|x64.Build.0 = Debug|Any CPU
		{F99185A2-A063-4147-902D-58D0F49940EB}.Debug|x86.ActiveCfg = Debug|Any CPU
		{F99185A2-A063-4147-902D-58D0F49940EB}.Debug|x86.Build.0 = Debug|Any CPU
		{F99185A2-A063-4147-902D-58D0F49940EB}.Release|Any CPU.ActiveCfg = Release|Any CPU
		{F99185A2-A063-4147-902D-58D0F49940EB}.Release|Any CPU.Build.0 = Release|Any CPU
		{F99185A2-A063-4147-902D-58D0F49940EB}.Release|x64.ActiveCfg = Release|Any CPU
		{F99185A2-A063-4147-902D-58D0F49940EB}.Release|x64.Build.0 = Release|Any CPU
		{F99185A2-A063-4147-902D-58D0F49940EB}.Release|x86.ActiveCfg = Release|Any CPU
		{F99185A2-A063-4147-902D-58D0F49940EB}.Release|x86.Build.0 = Release|Any CPU
		{FB3FD6D1-43F7-4DC7-95BB-7862BA11FCC6}.Debug|Any CPU.ActiveCfg = Debug|Any CPU
		{FB3FD6D1-43F7-4DC7-95BB-7862BA11FCC6}.Debug|Any CPU.Build.0 = Debug|Any CPU
		{FB3FD6D1-43F7-4DC7-95BB-7862BA11FCC6}.Debug|x64.ActiveCfg = Debug|Any CPU
		{FB3FD6D1-43F7-4DC7-95BB-7862BA11FCC6}.Debug|x64.Build.0 = Debug|Any CPU
		{FB3FD6D1-43F7-4DC7-95BB-7862BA11FCC6}.Debug|x86.ActiveCfg = Debug|Any CPU
		{FB3FD6D1-43F7-4DC7-95BB-7862BA11FCC6}.Debug|x86.Build.0 = Debug|Any CPU
		{FB3FD6D1-43F7-4DC7-95BB-7862BA11FCC6}.Release|Any CPU.ActiveCfg = Release|Any CPU
		{FB3FD6D1-43F7-4DC7-95BB-7862BA11FCC6}.Release|Any CPU.Build.0 = Release|Any CPU
		{FB3FD6D1-43F7-4DC7-95BB-7862BA11FCC6}.Release|x64.ActiveCfg = Release|Any CPU
		{FB3FD6D1-43F7-4DC7-95BB-7862BA11FCC6}.Release|x64.Build.0 = Release|Any CPU
		{FB3FD6D1-43F7-4DC7-95BB-7862BA11FCC6}.Release|x86.ActiveCfg = Release|Any CPU
		{FB3FD6D1-43F7-4DC7-95BB-7862BA11FCC6}.Release|x86.Build.0 = Release|Any CPU
		{F0338E30-20FD-4E3F-A0CA-5E92FFE635C0}.Debug|Any CPU.ActiveCfg = Debug|Any CPU
		{F0338E30-20FD-4E3F-A0CA-5E92FFE635C0}.Debug|Any CPU.Build.0 = Debug|Any CPU
		{F0338E30-20FD-4E3F-A0CA-5E92FFE635C0}.Debug|x64.ActiveCfg = Debug|Any CPU
		{F0338E30-20FD-4E3F-A0CA-5E92FFE635C0}.Debug|x64.Build.0 = Debug|Any CPU
		{F0338E30-20FD-4E3F-A0CA-5E92FFE635C0}.Debug|x86.ActiveCfg = Debug|Any CPU
		{F0338E30-20FD-4E3F-A0CA-5E92FFE635C0}.Debug|x86.Build.0 = Debug|Any CPU
		{F0338E30-20FD-4E3F-A0CA-5E92FFE635C0}.Release|Any CPU.ActiveCfg = Release|Any CPU
		{F0338E30-20FD-4E3F-A0CA-5E92FFE635C0}.Release|Any CPU.Build.0 = Release|Any CPU
		{F0338E30-20FD-4E3F-A0CA-5E92FFE635C0}.Release|x64.ActiveCfg = Release|Any CPU
		{F0338E30-20FD-4E3F-A0CA-5E92FFE635C0}.Release|x64.Build.0 = Release|Any CPU
		{F0338E30-20FD-4E3F-A0CA-5E92FFE635C0}.Release|x86.ActiveCfg = Release|Any CPU
		{F0338E30-20FD-4E3F-A0CA-5E92FFE635C0}.Release|x86.Build.0 = Release|Any CPU
		{5A146EB5-6E1E-408B-B365-87A34659458F}.Debug|Any CPU.ActiveCfg = Debug|Any CPU
		{5A146EB5-6E1E-408B-B365-87A34659458F}.Debug|Any CPU.Build.0 = Debug|Any CPU
		{5A146EB5-6E1E-408B-B365-87A34659458F}.Debug|x64.ActiveCfg = Debug|Any CPU
		{5A146EB5-6E1E-408B-B365-87A34659458F}.Debug|x64.Build.0 = Debug|Any CPU
		{5A146EB5-6E1E-408B-B365-87A34659458F}.Debug|x86.ActiveCfg = Debug|Any CPU
		{5A146EB5-6E1E-408B-B365-87A34659458F}.Debug|x86.Build.0 = Debug|Any CPU
		{5A146EB5-6E1E-408B-B365-87A34659458F}.Release|Any CPU.ActiveCfg = Release|Any CPU
		{5A146EB5-6E1E-408B-B365-87A34659458F}.Release|Any CPU.Build.0 = Release|Any CPU
		{5A146EB5-6E1E-408B-B365-87A34659458F}.Release|x64.ActiveCfg = Release|Any CPU
		{5A146EB5-6E1E-408B-B365-87A34659458F}.Release|x64.Build.0 = Release|Any CPU
		{5A146EB5-6E1E-408B-B365-87A34659458F}.Release|x86.ActiveCfg = Release|Any CPU
		{5A146EB5-6E1E-408B-B365-87A34659458F}.Release|x86.Build.0 = Release|Any CPU
		{599E7E57-FD5F-490B-8A71-46C83455B4FE}.Debug|Any CPU.ActiveCfg = Debug|Any CPU
		{599E7E57-FD5F-490B-8A71-46C83455B4FE}.Debug|Any CPU.Build.0 = Debug|Any CPU
		{599E7E57-FD5F-490B-8A71-46C83455B4FE}.Debug|x64.ActiveCfg = Debug|Any CPU
		{599E7E57-FD5F-490B-8A71-46C83455B4FE}.Debug|x64.Build.0 = Debug|Any CPU
		{599E7E57-FD5F-490B-8A71-46C83455B4FE}.Debug|x86.ActiveCfg = Debug|Any CPU
		{599E7E57-FD5F-490B-8A71-46C83455B4FE}.Debug|x86.Build.0 = Debug|Any CPU
		{599E7E57-FD5F-490B-8A71-46C83455B4FE}.Release|Any CPU.ActiveCfg = Release|Any CPU
		{599E7E57-FD5F-490B-8A71-46C83455B4FE}.Release|Any CPU.Build.0 = Release|Any CPU
		{599E7E57-FD5F-490B-8A71-46C83455B4FE}.Release|x64.ActiveCfg = Release|Any CPU
		{599E7E57-FD5F-490B-8A71-46C83455B4FE}.Release|x64.Build.0 = Release|Any CPU
		{599E7E57-FD5F-490B-8A71-46C83455B4FE}.Release|x86.ActiveCfg = Release|Any CPU
		{599E7E57-FD5F-490B-8A71-46C83455B4FE}.Release|x86.Build.0 = Release|Any CPU
		{3945C2D7-E3A7-4E1E-A4A6-0E6B1F6B380E}.Debug|Any CPU.ActiveCfg = Debug|Any CPU
		{3945C2D7-E3A7-4E1E-A4A6-0E6B1F6B380E}.Debug|Any CPU.Build.0 = Debug|Any CPU
		{3945C2D7-E3A7-4E1E-A4A6-0E6B1F6B380E}.Debug|x64.ActiveCfg = Debug|Any CPU
		{3945C2D7-E3A7-4E1E-A4A6-0E6B1F6B380E}.Debug|x64.Build.0 = Debug|Any CPU
		{3945C2D7-E3A7-4E1E-A4A6-0E6B1F6B380E}.Debug|x86.ActiveCfg = Debug|Any CPU
		{3945C2D7-E3A7-4E1E-A4A6-0E6B1F6B380E}.Debug|x86.Build.0 = Debug|Any CPU
		{3945C2D7-E3A7-4E1E-A4A6-0E6B1F6B380E}.Release|Any CPU.ActiveCfg = Release|Any CPU
		{3945C2D7-E3A7-4E1E-A4A6-0E6B1F6B380E}.Release|Any CPU.Build.0 = Release|Any CPU
		{3945C2D7-E3A7-4E1E-A4A6-0E6B1F6B380E}.Release|x64.ActiveCfg = Release|Any CPU
		{3945C2D7-E3A7-4E1E-A4A6-0E6B1F6B380E}.Release|x64.Build.0 = Release|Any CPU
		{3945C2D7-E3A7-4E1E-A4A6-0E6B1F6B380E}.Release|x86.ActiveCfg = Release|Any CPU
		{3945C2D7-E3A7-4E1E-A4A6-0E6B1F6B380E}.Release|x86.Build.0 = Release|Any CPU
		{32108581-AB47-49BE-A1F9-6A25A58CB954}.Debug|Any CPU.ActiveCfg = Debug|Any CPU
		{32108581-AB47-49BE-A1F9-6A25A58CB954}.Debug|Any CPU.Build.0 = Debug|Any CPU
		{32108581-AB47-49BE-A1F9-6A25A58CB954}.Debug|x64.ActiveCfg = Debug|Any CPU
		{32108581-AB47-49BE-A1F9-6A25A58CB954}.Debug|x64.Build.0 = Debug|Any CPU
		{32108581-AB47-49BE-A1F9-6A25A58CB954}.Debug|x86.ActiveCfg = Debug|Any CPU
		{32108581-AB47-49BE-A1F9-6A25A58CB954}.Debug|x86.Build.0 = Debug|Any CPU
		{32108581-AB47-49BE-A1F9-6A25A58CB954}.Release|Any CPU.ActiveCfg = Release|Any CPU
		{32108581-AB47-49BE-A1F9-6A25A58CB954}.Release|Any CPU.Build.0 = Release|Any CPU
		{32108581-AB47-49BE-A1F9-6A25A58CB954}.Release|x64.ActiveCfg = Release|Any CPU
		{32108581-AB47-49BE-A1F9-6A25A58CB954}.Release|x64.Build.0 = Release|Any CPU
		{32108581-AB47-49BE-A1F9-6A25A58CB954}.Release|x86.ActiveCfg = Release|Any CPU
		{32108581-AB47-49BE-A1F9-6A25A58CB954}.Release|x86.Build.0 = Release|Any CPU
		{7D180A0A-2352-4036-B863-1ABAC84F5814}.Debug|Any CPU.ActiveCfg = Debug|Any CPU
		{7D180A0A-2352-4036-B863-1ABAC84F5814}.Debug|Any CPU.Build.0 = Debug|Any CPU
		{7D180A0A-2352-4036-B863-1ABAC84F5814}.Debug|x64.ActiveCfg = Debug|Any CPU
		{7D180A0A-2352-4036-B863-1ABAC84F5814}.Debug|x64.Build.0 = Debug|Any CPU
		{7D180A0A-2352-4036-B863-1ABAC84F5814}.Debug|x86.ActiveCfg = Debug|Any CPU
		{7D180A0A-2352-4036-B863-1ABAC84F5814}.Debug|x86.Build.0 = Debug|Any CPU
		{7D180A0A-2352-4036-B863-1ABAC84F5814}.Release|Any CPU.ActiveCfg = Release|Any CPU
		{7D180A0A-2352-4036-B863-1ABAC84F5814}.Release|Any CPU.Build.0 = Release|Any CPU
		{7D180A0A-2352-4036-B863-1ABAC84F5814}.Release|x64.ActiveCfg = Release|Any CPU
		{7D180A0A-2352-4036-B863-1ABAC84F5814}.Release|x64.Build.0 = Release|Any CPU
		{7D180A0A-2352-4036-B863-1ABAC84F5814}.Release|x86.ActiveCfg = Release|Any CPU
		{7D180A0A-2352-4036-B863-1ABAC84F5814}.Release|x86.Build.0 = Release|Any CPU
		{3FFC9E1C-6A15-4D8E-83EE-F3311A3B23BB}.Debug|Any CPU.ActiveCfg = Debug|Any CPU
		{3FFC9E1C-6A15-4D8E-83EE-F3311A3B23BB}.Debug|Any CPU.Build.0 = Debug|Any CPU
		{3FFC9E1C-6A15-4D8E-83EE-F3311A3B23BB}.Debug|x64.ActiveCfg = Debug|Any CPU
		{3FFC9E1C-6A15-4D8E-83EE-F3311A3B23BB}.Debug|x64.Build.0 = Debug|Any CPU
		{3FFC9E1C-6A15-4D8E-83EE-F3311A3B23BB}.Debug|x86.ActiveCfg = Debug|Any CPU
		{3FFC9E1C-6A15-4D8E-83EE-F3311A3B23BB}.Debug|x86.Build.0 = Debug|Any CPU
		{3FFC9E1C-6A15-4D8E-83EE-F3311A3B23BB}.Release|Any CPU.ActiveCfg = Release|Any CPU
		{3FFC9E1C-6A15-4D8E-83EE-F3311A3B23BB}.Release|Any CPU.Build.0 = Release|Any CPU
		{3FFC9E1C-6A15-4D8E-83EE-F3311A3B23BB}.Release|x64.ActiveCfg = Release|Any CPU
		{3FFC9E1C-6A15-4D8E-83EE-F3311A3B23BB}.Release|x64.Build.0 = Release|Any CPU
		{3FFC9E1C-6A15-4D8E-83EE-F3311A3B23BB}.Release|x86.ActiveCfg = Release|Any CPU
		{3FFC9E1C-6A15-4D8E-83EE-F3311A3B23BB}.Release|x86.Build.0 = Release|Any CPU
		{BE3EDB4A-A107-496C-95A5-9074ED6EF152}.Debug|Any CPU.ActiveCfg = Debug|Any CPU
		{BE3EDB4A-A107-496C-95A5-9074ED6EF152}.Debug|Any CPU.Build.0 = Debug|Any CPU
		{BE3EDB4A-A107-496C-95A5-9074ED6EF152}.Debug|x64.ActiveCfg = Debug|Any CPU
		{BE3EDB4A-A107-496C-95A5-9074ED6EF152}.Debug|x64.Build.0 = Debug|Any CPU
		{BE3EDB4A-A107-496C-95A5-9074ED6EF152}.Debug|x86.ActiveCfg = Debug|Any CPU
		{BE3EDB4A-A107-496C-95A5-9074ED6EF152}.Debug|x86.Build.0 = Debug|Any CPU
		{BE3EDB4A-A107-496C-95A5-9074ED6EF152}.Release|Any CPU.ActiveCfg = Release|Any CPU
		{BE3EDB4A-A107-496C-95A5-9074ED6EF152}.Release|Any CPU.Build.0 = Release|Any CPU
		{BE3EDB4A-A107-496C-95A5-9074ED6EF152}.Release|x64.ActiveCfg = Release|Any CPU
		{BE3EDB4A-A107-496C-95A5-9074ED6EF152}.Release|x64.Build.0 = Release|Any CPU
		{BE3EDB4A-A107-496C-95A5-9074ED6EF152}.Release|x86.ActiveCfg = Release|Any CPU
		{BE3EDB4A-A107-496C-95A5-9074ED6EF152}.Release|x86.Build.0 = Release|Any CPU
		{94F3418A-664A-494D-84E0-F7E37D7585E8}.Debug|Any CPU.ActiveCfg = Debug|Any CPU
		{94F3418A-664A-494D-84E0-F7E37D7585E8}.Debug|Any CPU.Build.0 = Debug|Any CPU
		{94F3418A-664A-494D-84E0-F7E37D7585E8}.Debug|x64.ActiveCfg = Debug|Any CPU
		{94F3418A-664A-494D-84E0-F7E37D7585E8}.Debug|x64.Build.0 = Debug|Any CPU
		{94F3418A-664A-494D-84E0-F7E37D7585E8}.Debug|x86.ActiveCfg = Debug|Any CPU
		{94F3418A-664A-494D-84E0-F7E37D7585E8}.Debug|x86.Build.0 = Debug|Any CPU
		{94F3418A-664A-494D-84E0-F7E37D7585E8}.Release|Any CPU.ActiveCfg = Release|Any CPU
		{94F3418A-664A-494D-84E0-F7E37D7585E8}.Release|Any CPU.Build.0 = Release|Any CPU
		{94F3418A-664A-494D-84E0-F7E37D7585E8}.Release|x64.ActiveCfg = Release|Any CPU
		{94F3418A-664A-494D-84E0-F7E37D7585E8}.Release|x64.Build.0 = Release|Any CPU
		{94F3418A-664A-494D-84E0-F7E37D7585E8}.Release|x86.ActiveCfg = Release|Any CPU
		{94F3418A-664A-494D-84E0-F7E37D7585E8}.Release|x86.Build.0 = Release|Any CPU
		{90BD0079-67A9-4CDD-98F6-D34892EF587E}.Debug|Any CPU.ActiveCfg = Debug|Any CPU
		{90BD0079-67A9-4CDD-98F6-D34892EF587E}.Debug|Any CPU.Build.0 = Debug|Any CPU
		{90BD0079-67A9-4CDD-98F6-D34892EF587E}.Debug|x64.ActiveCfg = Debug|Any CPU
		{90BD0079-67A9-4CDD-98F6-D34892EF587E}.Debug|x64.Build.0 = Debug|Any CPU
		{90BD0079-67A9-4CDD-98F6-D34892EF587E}.Debug|x86.ActiveCfg = Debug|Any CPU
		{90BD0079-67A9-4CDD-98F6-D34892EF587E}.Debug|x86.Build.0 = Debug|Any CPU
		{90BD0079-67A9-4CDD-98F6-D34892EF587E}.Release|Any CPU.ActiveCfg = Release|Any CPU
		{90BD0079-67A9-4CDD-98F6-D34892EF587E}.Release|Any CPU.Build.0 = Release|Any CPU
		{90BD0079-67A9-4CDD-98F6-D34892EF587E}.Release|x64.ActiveCfg = Release|Any CPU
		{90BD0079-67A9-4CDD-98F6-D34892EF587E}.Release|x64.Build.0 = Release|Any CPU
		{90BD0079-67A9-4CDD-98F6-D34892EF587E}.Release|x86.ActiveCfg = Release|Any CPU
		{90BD0079-67A9-4CDD-98F6-D34892EF587E}.Release|x86.Build.0 = Release|Any CPU
		{235B727E-DFD4-4649-BD2D-7678E9BA0D86}.Debug|Any CPU.ActiveCfg = Debug|Any CPU
		{235B727E-DFD4-4649-BD2D-7678E9BA0D86}.Debug|Any CPU.Build.0 = Debug|Any CPU
		{235B727E-DFD4-4649-BD2D-7678E9BA0D86}.Debug|x64.ActiveCfg = Debug|Any CPU
		{235B727E-DFD4-4649-BD2D-7678E9BA0D86}.Debug|x64.Build.0 = Debug|Any CPU
		{235B727E-DFD4-4649-BD2D-7678E9BA0D86}.Debug|x86.ActiveCfg = Debug|Any CPU
		{235B727E-DFD4-4649-BD2D-7678E9BA0D86}.Debug|x86.Build.0 = Debug|Any CPU
		{235B727E-DFD4-4649-BD2D-7678E9BA0D86}.Release|Any CPU.ActiveCfg = Release|Any CPU
		{235B727E-DFD4-4649-BD2D-7678E9BA0D86}.Release|Any CPU.Build.0 = Release|Any CPU
		{235B727E-DFD4-4649-BD2D-7678E9BA0D86}.Release|x64.ActiveCfg = Release|Any CPU
		{235B727E-DFD4-4649-BD2D-7678E9BA0D86}.Release|x64.Build.0 = Release|Any CPU
		{235B727E-DFD4-4649-BD2D-7678E9BA0D86}.Release|x86.ActiveCfg = Release|Any CPU
		{235B727E-DFD4-4649-BD2D-7678E9BA0D86}.Release|x86.Build.0 = Release|Any CPU
		{77D5075C-0385-4772-B7C5-FD7E22387430}.Debug|Any CPU.ActiveCfg = Debug|Any CPU
		{77D5075C-0385-4772-B7C5-FD7E22387430}.Debug|Any CPU.Build.0 = Debug|Any CPU
		{77D5075C-0385-4772-B7C5-FD7E22387430}.Debug|x64.ActiveCfg = Debug|Any CPU
		{77D5075C-0385-4772-B7C5-FD7E22387430}.Debug|x64.Build.0 = Debug|Any CPU
		{77D5075C-0385-4772-B7C5-FD7E22387430}.Debug|x86.ActiveCfg = Debug|Any CPU
		{77D5075C-0385-4772-B7C5-FD7E22387430}.Debug|x86.Build.0 = Debug|Any CPU
		{77D5075C-0385-4772-B7C5-FD7E22387430}.Release|Any CPU.ActiveCfg = Release|Any CPU
		{77D5075C-0385-4772-B7C5-FD7E22387430}.Release|Any CPU.Build.0 = Release|Any CPU
		{77D5075C-0385-4772-B7C5-FD7E22387430}.Release|x64.ActiveCfg = Release|Any CPU
		{77D5075C-0385-4772-B7C5-FD7E22387430}.Release|x64.Build.0 = Release|Any CPU
		{77D5075C-0385-4772-B7C5-FD7E22387430}.Release|x86.ActiveCfg = Release|Any CPU
		{77D5075C-0385-4772-B7C5-FD7E22387430}.Release|x86.Build.0 = Release|Any CPU
		{E9BAD51F-478F-4FC1-9506-AB2502A7C05F}.Debug|Any CPU.ActiveCfg = Debug|Any CPU
		{E9BAD51F-478F-4FC1-9506-AB2502A7C05F}.Debug|Any CPU.Build.0 = Debug|Any CPU
		{E9BAD51F-478F-4FC1-9506-AB2502A7C05F}.Debug|x64.ActiveCfg = Debug|Any CPU
		{E9BAD51F-478F-4FC1-9506-AB2502A7C05F}.Debug|x64.Build.0 = Debug|Any CPU
		{E9BAD51F-478F-4FC1-9506-AB2502A7C05F}.Debug|x86.ActiveCfg = Debug|Any CPU
		{E9BAD51F-478F-4FC1-9506-AB2502A7C05F}.Debug|x86.Build.0 = Debug|Any CPU
		{E9BAD51F-478F-4FC1-9506-AB2502A7C05F}.Release|Any CPU.ActiveCfg = Release|Any CPU
		{E9BAD51F-478F-4FC1-9506-AB2502A7C05F}.Release|Any CPU.Build.0 = Release|Any CPU
		{E9BAD51F-478F-4FC1-9506-AB2502A7C05F}.Release|x64.ActiveCfg = Release|Any CPU
		{E9BAD51F-478F-4FC1-9506-AB2502A7C05F}.Release|x64.Build.0 = Release|Any CPU
		{E9BAD51F-478F-4FC1-9506-AB2502A7C05F}.Release|x86.ActiveCfg = Release|Any CPU
		{E9BAD51F-478F-4FC1-9506-AB2502A7C05F}.Release|x86.Build.0 = Release|Any CPU
		{EDDCAA95-B3B2-4996-8FDD-24E3E674BD34}.Debug|Any CPU.ActiveCfg = Debug|Any CPU
		{EDDCAA95-B3B2-4996-8FDD-24E3E674BD34}.Debug|Any CPU.Build.0 = Debug|Any CPU
		{EDDCAA95-B3B2-4996-8FDD-24E3E674BD34}.Debug|x64.ActiveCfg = Debug|Any CPU
		{EDDCAA95-B3B2-4996-8FDD-24E3E674BD34}.Debug|x64.Build.0 = Debug|Any CPU
		{EDDCAA95-B3B2-4996-8FDD-24E3E674BD34}.Debug|x86.ActiveCfg = Debug|Any CPU
		{EDDCAA95-B3B2-4996-8FDD-24E3E674BD34}.Debug|x86.Build.0 = Debug|Any CPU
		{EDDCAA95-B3B2-4996-8FDD-24E3E674BD34}.Release|Any CPU.ActiveCfg = Release|Any CPU
		{EDDCAA95-B3B2-4996-8FDD-24E3E674BD34}.Release|Any CPU.Build.0 = Release|Any CPU
		{EDDCAA95-B3B2-4996-8FDD-24E3E674BD34}.Release|x64.ActiveCfg = Release|Any CPU
		{EDDCAA95-B3B2-4996-8FDD-24E3E674BD34}.Release|x64.Build.0 = Release|Any CPU
		{EDDCAA95-B3B2-4996-8FDD-24E3E674BD34}.Release|x86.ActiveCfg = Release|Any CPU
		{EDDCAA95-B3B2-4996-8FDD-24E3E674BD34}.Release|x86.Build.0 = Release|Any CPU
		{B0995724-510A-4DDD-90D0-0AD8A47DA0DE}.Debug|Any CPU.ActiveCfg = Debug|Any CPU
		{B0995724-510A-4DDD-90D0-0AD8A47DA0DE}.Debug|Any CPU.Build.0 = Debug|Any CPU
		{B0995724-510A-4DDD-90D0-0AD8A47DA0DE}.Debug|x64.ActiveCfg = Debug|Any CPU
		{B0995724-510A-4DDD-90D0-0AD8A47DA0DE}.Debug|x64.Build.0 = Debug|Any CPU
		{B0995724-510A-4DDD-90D0-0AD8A47DA0DE}.Debug|x86.ActiveCfg = Debug|Any CPU
		{B0995724-510A-4DDD-90D0-0AD8A47DA0DE}.Debug|x86.Build.0 = Debug|Any CPU
		{B0995724-510A-4DDD-90D0-0AD8A47DA0DE}.Release|Any CPU.ActiveCfg = Release|Any CPU
		{B0995724-510A-4DDD-90D0-0AD8A47DA0DE}.Release|Any CPU.Build.0 = Release|Any CPU
		{B0995724-510A-4DDD-90D0-0AD8A47DA0DE}.Release|x64.ActiveCfg = Release|Any CPU
		{B0995724-510A-4DDD-90D0-0AD8A47DA0DE}.Release|x64.Build.0 = Release|Any CPU
		{B0995724-510A-4DDD-90D0-0AD8A47DA0DE}.Release|x86.ActiveCfg = Release|Any CPU
		{B0995724-510A-4DDD-90D0-0AD8A47DA0DE}.Release|x86.Build.0 = Release|Any CPU
		{C0B65E2F-BF35-47C6-88EC-DEB1382B957C}.Debug|Any CPU.ActiveCfg = Debug|Any CPU
		{C0B65E2F-BF35-47C6-88EC-DEB1382B957C}.Debug|Any CPU.Build.0 = Debug|Any CPU
		{C0B65E2F-BF35-47C6-88EC-DEB1382B957C}.Debug|x64.ActiveCfg = Debug|Any CPU
		{C0B65E2F-BF35-47C6-88EC-DEB1382B957C}.Debug|x64.Build.0 = Debug|Any CPU
		{C0B65E2F-BF35-47C6-88EC-DEB1382B957C}.Debug|x86.ActiveCfg = Debug|Any CPU
		{C0B65E2F-BF35-47C6-88EC-DEB1382B957C}.Debug|x86.Build.0 = Debug|Any CPU
		{C0B65E2F-BF35-47C6-88EC-DEB1382B957C}.Release|Any CPU.ActiveCfg = Release|Any CPU
		{C0B65E2F-BF35-47C6-88EC-DEB1382B957C}.Release|Any CPU.Build.0 = Release|Any CPU
		{C0B65E2F-BF35-47C6-88EC-DEB1382B957C}.Release|x64.ActiveCfg = Release|Any CPU
		{C0B65E2F-BF35-47C6-88EC-DEB1382B957C}.Release|x64.Build.0 = Release|Any CPU
		{C0B65E2F-BF35-47C6-88EC-DEB1382B957C}.Release|x86.ActiveCfg = Release|Any CPU
		{C0B65E2F-BF35-47C6-88EC-DEB1382B957C}.Release|x86.Build.0 = Release|Any CPU
		{8773CE1D-761C-46D6-AEA8-3F4FEB493E27}.Debug|Any CPU.ActiveCfg = Debug|Any CPU
		{8773CE1D-761C-46D6-AEA8-3F4FEB493E27}.Debug|Any CPU.Build.0 = Debug|Any CPU
		{8773CE1D-761C-46D6-AEA8-3F4FEB493E27}.Debug|x64.ActiveCfg = Debug|Any CPU
		{8773CE1D-761C-46D6-AEA8-3F4FEB493E27}.Debug|x64.Build.0 = Debug|Any CPU
		{8773CE1D-761C-46D6-AEA8-3F4FEB493E27}.Debug|x86.ActiveCfg = Debug|Any CPU
		{8773CE1D-761C-46D6-AEA8-3F4FEB493E27}.Debug|x86.Build.0 = Debug|Any CPU
		{8773CE1D-761C-46D6-AEA8-3F4FEB493E27}.Release|Any CPU.ActiveCfg = Release|Any CPU
		{8773CE1D-761C-46D6-AEA8-3F4FEB493E27}.Release|Any CPU.Build.0 = Release|Any CPU
		{8773CE1D-761C-46D6-AEA8-3F4FEB493E27}.Release|x64.ActiveCfg = Release|Any CPU
		{8773CE1D-761C-46D6-AEA8-3F4FEB493E27}.Release|x64.Build.0 = Release|Any CPU
		{8773CE1D-761C-46D6-AEA8-3F4FEB493E27}.Release|x86.ActiveCfg = Release|Any CPU
		{8773CE1D-761C-46D6-AEA8-3F4FEB493E27}.Release|x86.Build.0 = Release|Any CPU
		{9FE4C953-7766-4731-94E8-86801D04025A}.Debug|Any CPU.ActiveCfg = Debug|Any CPU
		{9FE4C953-7766-4731-94E8-86801D04025A}.Debug|Any CPU.Build.0 = Debug|Any CPU
		{9FE4C953-7766-4731-94E8-86801D04025A}.Debug|x64.ActiveCfg = Debug|Any CPU
		{9FE4C953-7766-4731-94E8-86801D04025A}.Debug|x64.Build.0 = Debug|Any CPU
		{9FE4C953-7766-4731-94E8-86801D04025A}.Debug|x86.ActiveCfg = Debug|Any CPU
		{9FE4C953-7766-4731-94E8-86801D04025A}.Debug|x86.Build.0 = Debug|Any CPU
		{9FE4C953-7766-4731-94E8-86801D04025A}.Release|Any CPU.ActiveCfg = Release|Any CPU
		{9FE4C953-7766-4731-94E8-86801D04025A}.Release|Any CPU.Build.0 = Release|Any CPU
		{9FE4C953-7766-4731-94E8-86801D04025A}.Release|x64.ActiveCfg = Release|Any CPU
		{9FE4C953-7766-4731-94E8-86801D04025A}.Release|x64.Build.0 = Release|Any CPU
		{9FE4C953-7766-4731-94E8-86801D04025A}.Release|x86.ActiveCfg = Release|Any CPU
		{9FE4C953-7766-4731-94E8-86801D04025A}.Release|x86.Build.0 = Release|Any CPU
		{A8FEB309-5D13-404E-B8BC-F80E5E1E38E4}.Debug|Any CPU.ActiveCfg = Debug|Any CPU
		{A8FEB309-5D13-404E-B8BC-F80E5E1E38E4}.Debug|Any CPU.Build.0 = Debug|Any CPU
		{A8FEB309-5D13-404E-B8BC-F80E5E1E38E4}.Debug|x64.ActiveCfg = Debug|Any CPU
		{A8FEB309-5D13-404E-B8BC-F80E5E1E38E4}.Debug|x64.Build.0 = Debug|Any CPU
		{A8FEB309-5D13-404E-B8BC-F80E5E1E38E4}.Debug|x86.ActiveCfg = Debug|Any CPU
		{A8FEB309-5D13-404E-B8BC-F80E5E1E38E4}.Debug|x86.Build.0 = Debug|Any CPU
		{A8FEB309-5D13-404E-B8BC-F80E5E1E38E4}.Release|Any CPU.ActiveCfg = Release|Any CPU
		{A8FEB309-5D13-404E-B8BC-F80E5E1E38E4}.Release|Any CPU.Build.0 = Release|Any CPU
		{A8FEB309-5D13-404E-B8BC-F80E5E1E38E4}.Release|x64.ActiveCfg = Release|Any CPU
		{A8FEB309-5D13-404E-B8BC-F80E5E1E38E4}.Release|x64.Build.0 = Release|Any CPU
		{A8FEB309-5D13-404E-B8BC-F80E5E1E38E4}.Release|x86.ActiveCfg = Release|Any CPU
		{A8FEB309-5D13-404E-B8BC-F80E5E1E38E4}.Release|x86.Build.0 = Release|Any CPU
		{82A6ACB3-ABFF-446C-960D-6AE0B6F6BEB0}.Debug|Any CPU.ActiveCfg = Debug|Any CPU
		{82A6ACB3-ABFF-446C-960D-6AE0B6F6BEB0}.Debug|Any CPU.Build.0 = Debug|Any CPU
		{82A6ACB3-ABFF-446C-960D-6AE0B6F6BEB0}.Debug|x64.ActiveCfg = Debug|Any CPU
		{82A6ACB3-ABFF-446C-960D-6AE0B6F6BEB0}.Debug|x64.Build.0 = Debug|Any CPU
		{82A6ACB3-ABFF-446C-960D-6AE0B6F6BEB0}.Debug|x86.ActiveCfg = Debug|Any CPU
		{82A6ACB3-ABFF-446C-960D-6AE0B6F6BEB0}.Debug|x86.Build.0 = Debug|Any CPU
		{82A6ACB3-ABFF-446C-960D-6AE0B6F6BEB0}.Release|Any CPU.ActiveCfg = Release|Any CPU
		{82A6ACB3-ABFF-446C-960D-6AE0B6F6BEB0}.Release|Any CPU.Build.0 = Release|Any CPU
		{82A6ACB3-ABFF-446C-960D-6AE0B6F6BEB0}.Release|x64.ActiveCfg = Release|Any CPU
		{82A6ACB3-ABFF-446C-960D-6AE0B6F6BEB0}.Release|x64.Build.0 = Release|Any CPU
		{82A6ACB3-ABFF-446C-960D-6AE0B6F6BEB0}.Release|x86.ActiveCfg = Release|Any CPU
		{82A6ACB3-ABFF-446C-960D-6AE0B6F6BEB0}.Release|x86.Build.0 = Release|Any CPU
	EndGlobalSection
	GlobalSection(SolutionProperties) = preSolution
		HideSolutionNode = FALSE
	EndGlobalSection
	GlobalSection(NestedProjects) = preSolution
		{543A07D5-9979-4742-A68D-2CB093DFD00A} = {4F52FD11-658E-A102-6CD3-7D7C16FFA15B}
		{F99185A2-A063-4147-902D-58D0F49940EB} = {FBF56CC3-7AE6-AD2D-3F14-7F97FD322CD6}
		{FB3FD6D1-43F7-4DC7-95BB-7862BA11FCC6} = {FBF56CC3-7AE6-AD2D-3F14-7F97FD322CD6}
		{F0338E30-20FD-4E3F-A0CA-5E92FFE635C0} = {FBF56CC3-7AE6-AD2D-3F14-7F97FD322CD6}
		{5A146EB5-6E1E-408B-B365-87A34659458F} = {FBF56CC3-7AE6-AD2D-3F14-7F97FD322CD6}
		{599E7E57-FD5F-490B-8A71-46C83455B4FE} = {FBF56CC3-7AE6-AD2D-3F14-7F97FD322CD6}
		{3945C2D7-E3A7-4E1E-A4A6-0E6B1F6B380E} = {FBF56CC3-7AE6-AD2D-3F14-7F97FD322CD6}
		{32108581-AB47-49BE-A1F9-6A25A58CB954} = {FBF56CC3-7AE6-AD2D-3F14-7F97FD322CD6}
		{7D180A0A-2352-4036-B863-1ABAC84F5814} = {FBF56CC3-7AE6-AD2D-3F14-7F97FD322CD6}
		{3FFC9E1C-6A15-4D8E-83EE-F3311A3B23BB} = {FBF56CC3-7AE6-AD2D-3F14-7F97FD322CD6}
		{00B75C56-8046-D228-AD12-8C5CE0A2F749} = {FBF56CC3-7AE6-AD2D-3F14-7F97FD322CD6}
		{BE3EDB4A-A107-496C-95A5-9074ED6EF152} = {00B75C56-8046-D228-AD12-8C5CE0A2F749}
		{94F3418A-664A-494D-84E0-F7E37D7585E8} = {00B75C56-8046-D228-AD12-8C5CE0A2F749}
		{90BD0079-67A9-4CDD-98F6-D34892EF587E} = {FBF56CC3-7AE6-AD2D-3F14-7F97FD322CD6}
		{235B727E-DFD4-4649-BD2D-7678E9BA0D86} = {FBF56CC3-7AE6-AD2D-3F14-7F97FD322CD6}
		{77D5075C-0385-4772-B7C5-FD7E22387430} = {FBF56CC3-7AE6-AD2D-3F14-7F97FD322CD6}
		{E9BAD51F-478F-4FC1-9506-AB2502A7C05F} = {FBF56CC3-7AE6-AD2D-3F14-7F97FD322CD6}
		{EDDCAA95-B3B2-4996-8FDD-24E3E674BD34} = {FBF56CC3-7AE6-AD2D-3F14-7F97FD322CD6}
		{B0995724-510A-4DDD-90D0-0AD8A47DA0DE} = {FBF56CC3-7AE6-AD2D-3F14-7F97FD322CD6}
		{C0B65E2F-BF35-47C6-88EC-DEB1382B957C} = {82B7E585-AC50-9B59-DB2B-A590D29BB17E}
		{8773CE1D-761C-46D6-AEA8-3F4FEB493E27} = {82B7E585-AC50-9B59-DB2B-A590D29BB17E}
		{9FE4C953-7766-4731-94E8-86801D04025A} = {82B7E585-AC50-9B59-DB2B-A590D29BB17E}
		{A8FEB309-5D13-404E-B8BC-F80E5E1E38E4} = {82B7E585-AC50-9B59-DB2B-A590D29BB17E}
		{82A6ACB3-ABFF-446C-960D-6AE0B6F6BEB0} = {82B7E585-AC50-9B59-DB2B-A590D29BB17E}
	EndGlobalSection
EndGlobal
